
Microsoft Visual Studio Solution File, Format Version 12.00
# Visual Studio Version 16
VisualStudioVersion = 16.0.31112.23
MinimumVisualStudioVersion = 10.0.40219.1
Project("{9A19103F-16F7-4668-BE54-9A1E7A4F7556}") = "OdeToFood", "OdeToFood\OdeToFood.csproj", "{8E9FA174-18C3-4C25-BC66-1BCBC2FC22F6}"
EndProject
Project("{FAE04EC0-301F-11D3-BF4B-00C04F79EFBC}") = "OdeToFood.Core", "OdeToFood.Core\OdeToFood.Core.csproj", "{EAC1BAB3-03E3-4D4F-A435-B4F5480609D1}"
EndProject
Project("{FAE04EC0-301F-11D3-BF4B-00C04F79EFBC}") = "OdeToFoodData", "OdeToFoodData\OdeToFoodData.csproj", "{5C30BF50-5FC7-409A-83BE-C30E5D4EFAFF}"
EndProject
Global
	GlobalSection(SolutionConfigurationPlatforms) = preSolution
		Debug|Any CPU = Debug|Any CPU
		Release|Any CPU = Release|Any CPU
	EndGlobalSection
	GlobalSection(ProjectConfigurationPlatforms) = postSolution
		{8E9FA174-18C3-4C25-BC66-1BCBC2FC22F6}.Debug|Any CPU.ActiveCfg = Debug|Any CPU
		{8E9FA174-18C3-4C25-BC66-1BCBC2FC22F6}.Debug|Any CPU.Build.0 = Debug|Any CPU
		{8E9FA174-18C3-4C25-BC66-1BCBC2FC22F6}.Release|Any CPU.ActiveCfg = Release|Any CPU
		{8E9FA174-18C3-4C25-BC66-1BCBC2FC22F6}.Release|Any CPU.Build.0 = Release|Any CPU
		{EAC1BAB3-03E3-4D4F-A435-B4F5480609D1}.Debug|Any CPU.ActiveCfg = Debug|Any CPU
		{EAC1BAB3-03E3-4D4F-A435-B4F5480609D1}.Debug|Any CPU.Build.0 = Debug|Any CPU
		{EAC1BAB3-03E3-4D4F-A435-B4F5480609D1}.Release|Any CPU.ActiveCfg = Release|Any CPU
		{EAC1BAB3-03E3-4D4F-A435-B4F5480609D1}.Release|Any CPU.Build.0 = Release|Any CPU
		{5C30BF50-5FC7-409A-83BE-C30E5D4EFAFF}.Debug|Any CPU.ActiveCfg = Debug|Any CPU
		{5C30BF50-5FC7-409A-83BE-C30E5D4EFAFF}.Debug|Any CPU.Build.0 = Debug|Any CPU
		{5C30BF50-5FC7-409A-83BE-C30E5D4EFAFF}.Release|Any CPU.ActiveCfg = Release|Any CPU
		{5C30BF50-5FC7-409A-83BE-C30E5D4EFAFF}.Release|Any CPU.Build.0 = Release|Any CPU
	EndGlobalSection
	GlobalSection(SolutionProperties) = preSolution
		HideSolutionNode = FALSE
	EndGlobalSection
	GlobalSection(ExtensibilityGlobals) = postSolution
		SolutionGuid = {C515097C-C7D0-42B3-9374-E0EB0F9C5308}
	EndGlobalSection
EndGlobal
